
Microsoft Visual Studio Solution File, Format Version 12.00
# Visual Studio Version 16
VisualStudioVersion = 16.0.30204.135
MinimumVisualStudioVersion = 10.0.40219.1
Project("{FAE04EC0-301F-11D3-BF4B-00C04F79EFBC}") = "Windows_Form_App_donetframework_Hello", "WindowsFormsHelloWorld\Windows_Form_App_donetframework_Hello.csproj", "{A3D577CD-428D-4095-8B19-E28905E4714C}"
EndProject
Project("{FAE04EC0-301F-11D3-BF4B-00C04F79EFBC}") = "WebApplicationHelloWorld", "WebApplicationHelloWorld\WebApplicationHelloWorld.csproj", "{DE9B1C75-E6A6-48B1-9A8E-92F50043C381}"
EndProject
Project("{FAE04EC0-301F-11D3-BF4B-00C04F79EFBC}") = "WebApplicationMVCHelloWorld", "WebApplicationMVCHelloWorld\WebApplicationMVCHelloWorld.csproj", "{FE79BF26-7D8C-41A9-9C40-C74E13678658}"
EndProject
Project("{FAE04EC0-301F-11D3-BF4B-00C04F79EFBC}") = "WPF_App__donetframework_Hello", "WPF_App_Hello\WPF_App__donetframework_Hello.csproj", "{9698EA6C-51A0-46AB-9682-ABC8313BEB66}"
EndProject
Project("{FAE04EC0-301F-11D3-BF4B-00C04F79EFBC}") = "Console_App_donetframework_Hello", "Console_App_donetframework_Hello\Console_App_donetframework_Hello.csproj", "{9139E8C0-D20F-4E1A-87AE-7D57C7134367}"
EndProject
Project("{9A19103F-16F7-4668-BE54-9A1E7A4F7556}") = "Console_App_donetcore_Hello", "Console_App_donetcore_Hello\Console_App_donetcore_Hello.csproj", "{23F4B4BD-5695-45D6-B679-77EF1F94F3E1}"
EndProject
Project("{9A19103F-16F7-4668-BE54-9A1E7A4F7556}") = "WPF_App_donetcore_Hello", "Wpf_App_donetcore_Hello\WPF_App_donetcore_Hello.csproj", "{BF6D93CC-8CE1-48E1-A6FB-B86228227978}"
EndProject
Project("{9A19103F-16F7-4668-BE54-9A1E7A4F7556}") = "WebApplication_donetcoe", "WebApplication_donetcoe\WebApplication_donetcoe.csproj", "{55F81ACA-9C7E-4D39-87A6-4E4298582D32}"
EndProject
Project("{2150E333-8FDC-42A3-9474-1A3956D46DE8}") = "Console", "Console", "{4551333E-50E9-419E-8037-3424D6D51CAA}"
EndProject
Project("{2150E333-8FDC-42A3-9474-1A3956D46DE8}") = "Web", "Web", "{CFF4F059-61C9-4DB0-9BB7-44C7268F75D9}"
EndProject
Project("{2150E333-8FDC-42A3-9474-1A3956D46DE8}") = "Desktop", "Desktop", "{48B61AF9-DB4B-4BC0-9F39-6A50BF07CBB9}"
EndProject
Project("{9A19103F-16F7-4668-BE54-9A1E7A4F7556}") = "Windows_Form_dotnetcore_Hello", "WindowsForms_dotnetcore_Hello\Windows_Form_dotnetcore_Hello.csproj", "{00FE7644-9E2B-4882-A1D7-6B75DBD4C703}"
EndProject
Project("{FAE04EC0-301F-11D3-BF4B-00C04F79EFBC}") = "WebApplication_dotnetframework_Hello", "WebApplication_dotnetframework_Hello\WebApplication_dotnetframework_Hello.csproj", "{057BE49D-19ED-4BBE-ABBC-85F25715B6AF}"
EndProject
Project("{FAE04EC0-301F-11D3-BF4B-00C04F79EFBC}") = "WebApplication_dotnetframework_mvc_Hello", "WebApplication_dotnetframework_mvc_Hello\WebApplication_dotnetframework_mvc_Hello.csproj", "{AA5C29A9-6526-410F-AED3-09F4ACC1C19D}"
EndProject
Project("{FAE04EC0-301F-11D3-BF4B-00C04F79EFBC}") = "Store_Hello", "Store_Hello\Store_Hello.csproj", "{81F7B2F6-4E38-419C-A782-1124BF82FD7E}"
EndProject
Project("{FAE04EC0-301F-11D3-BF4B-00C04F79EFBC}") = "windows_phone_App.UWP", "windows_phone_App\windows_phone_App.UWP\windows_phone_App.UWP.csproj", "{12141BF3-AE05-475A-818C-28676F549841}"
EndProject
Project("{2150E333-8FDC-42A3-9474-1A3956D46DE8}") = "Cloud", "Cloud", "{EC45EDF5-A2EF-4A84-8AC0-532E63AB6B85}"
EndProject
Project("{CC5FD16D-436D-48AD-A40C-5A424C6E3E79}") = "Cloud_Hello", "Cloud_Hello\Cloud_Hello.ccproj", "{D5A59263-E846-4041-BEC6-FD2C5297EDB5}"
EndProject
Project("{FAE04EC0-301F-11D3-BF4B-00C04F79EFBC}") = "SayHello", "SayHello\SayHello.csproj", "{A0D8493A-7B9D-465B-8355-20DC94EB82AC}"
EndProject
Project("{2150E333-8FDC-42A3-9474-1A3956D46DE8}") = "phone", "phone", "{0C2AD8DA-32AC-4C50-A660-3EC1B0F7635D}"
EndProject
Project("{2150E333-8FDC-42A3-9474-1A3956D46DE8}") = "surface", "surface", "{3C20949A-8140-4A6F-87C4-0310A66C1F63}"
EndProject
Project("{2150E333-8FDC-42A3-9474-1A3956D46DE8}") = "android", "android", "{0DE8D4F5-4869-4EF4-875F-B5F8E90AB37A}"
EndProject
Project("{2150E333-8FDC-42A3-9474-1A3956D46DE8}") = "begin", "begin", "{B1F7E77D-E909-49BB-AF72-83FF76307134}"
EndProject
Project("{2150E333-8FDC-42A3-9474-1A3956D46DE8}") = "Basics", "Basics", "{1F96BF5B-2379-4ABA-838A-C2843283F2DB}"
EndProject
Global
	GlobalSection(SolutionConfigurationPlatforms) = preSolution
		Debug|x64 = Debug|x64
		Release|x64 = Release|x64
	EndGlobalSection
	GlobalSection(ProjectConfigurationPlatforms) = postSolution
		{A3D577CD-428D-4095-8B19-E28905E4714C}.Debug|x64.ActiveCfg = Debug|Any CPU
		{A3D577CD-428D-4095-8B19-E28905E4714C}.Debug|x64.Build.0 = Debug|Any CPU
		{A3D577CD-428D-4095-8B19-E28905E4714C}.Release|x64.ActiveCfg = Release|Any CPU
		{A3D577CD-428D-4095-8B19-E28905E4714C}.Release|x64.Build.0 = Release|Any CPU
		{DE9B1C75-E6A6-48B1-9A8E-92F50043C381}.Debug|x64.ActiveCfg = Debug|Any CPU
		{DE9B1C75-E6A6-48B1-9A8E-92F50043C381}.Debug|x64.Build.0 = Debug|Any CPU
		{DE9B1C75-E6A6-48B1-9A8E-92F50043C381}.Release|x64.ActiveCfg = Release|Any CPU
		{DE9B1C75-E6A6-48B1-9A8E-92F50043C381}.Release|x64.Build.0 = Release|Any CPU
		{FE79BF26-7D8C-41A9-9C40-C74E13678658}.Debug|x64.ActiveCfg = Debug|Any CPU
		{FE79BF26-7D8C-41A9-9C40-C74E13678658}.Debug|x64.Build.0 = Debug|Any CPU
		{FE79BF26-7D8C-41A9-9C40-C74E13678658}.Release|x64.ActiveCfg = Release|Any CPU
		{FE79BF26-7D8C-41A9-9C40-C74E13678658}.Release|x64.Build.0 = Release|Any CPU
		{9698EA6C-51A0-46AB-9682-ABC8313BEB66}.Debug|x64.ActiveCfg = Debug|Any CPU
		{9698EA6C-51A0-46AB-9682-ABC8313BEB66}.Debug|x64.Build.0 = Debug|Any CPU
		{9698EA6C-51A0-46AB-9682-ABC8313BEB66}.Release|x64.ActiveCfg = Release|Any CPU
		{9698EA6C-51A0-46AB-9682-ABC8313BEB66}.Release|x64.Build.0 = Release|Any CPU
		{9139E8C0-D20F-4E1A-87AE-7D57C7134367}.Debug|x64.ActiveCfg = Debug|Any CPU
		{9139E8C0-D20F-4E1A-87AE-7D57C7134367}.Debug|x64.Build.0 = Debug|Any CPU
		{9139E8C0-D20F-4E1A-87AE-7D57C7134367}.Release|x64.ActiveCfg = Release|Any CPU
		{9139E8C0-D20F-4E1A-87AE-7D57C7134367}.Release|x64.Build.0 = Release|Any CPU
		{23F4B4BD-5695-45D6-B679-77EF1F94F3E1}.Debug|x64.ActiveCfg = Debug|Any CPU
		{23F4B4BD-5695-45D6-B679-77EF1F94F3E1}.Debug|x64.Build.0 = Debug|Any CPU
		{23F4B4BD-5695-45D6-B679-77EF1F94F3E1}.Release|x64.ActiveCfg = Release|Any CPU
		{23F4B4BD-5695-45D6-B679-77EF1F94F3E1}.Release|x64.Build.0 = Release|Any CPU
		{BF6D93CC-8CE1-48E1-A6FB-B86228227978}.Debug|x64.ActiveCfg = Debug|Any CPU
		{BF6D93CC-8CE1-48E1-A6FB-B86228227978}.Debug|x64.Build.0 = Debug|Any CPU
		{BF6D93CC-8CE1-48E1-A6FB-B86228227978}.Release|x64.ActiveCfg = Release|Any CPU
		{BF6D93CC-8CE1-48E1-A6FB-B86228227978}.Release|x64.Build.0 = Release|Any CPU
		{55F81ACA-9C7E-4D39-87A6-4E4298582D32}.Debug|x64.ActiveCfg = Debug|Any CPU
		{55F81ACA-9C7E-4D39-87A6-4E4298582D32}.Debug|x64.Build.0 = Debug|Any CPU
		{55F81ACA-9C7E-4D39-87A6-4E4298582D32}.Release|x64.ActiveCfg = Release|Any CPU
		{55F81ACA-9C7E-4D39-87A6-4E4298582D32}.Release|x64.Build.0 = Release|Any CPU
		{00FE7644-9E2B-4882-A1D7-6B75DBD4C703}.Debug|x64.ActiveCfg = Debug|Any CPU
		{00FE7644-9E2B-4882-A1D7-6B75DBD4C703}.Debug|x64.Build.0 = Debug|Any CPU
		{00FE7644-9E2B-4882-A1D7-6B75DBD4C703}.Release|x64.ActiveCfg = Release|Any CPU
		{00FE7644-9E2B-4882-A1D7-6B75DBD4C703}.Release|x64.Build.0 = Release|Any CPU
		{057BE49D-19ED-4BBE-ABBC-85F25715B6AF}.Debug|x64.ActiveCfg = Debug|Any CPU
		{057BE49D-19ED-4BBE-ABBC-85F25715B6AF}.Debug|x64.Build.0 = Debug|Any CPU
		{057BE49D-19ED-4BBE-ABBC-85F25715B6AF}.Release|x64.ActiveCfg = Release|Any CPU
		{057BE49D-19ED-4BBE-ABBC-85F25715B6AF}.Release|x64.Build.0 = Release|Any CPU
		{AA5C29A9-6526-410F-AED3-09F4ACC1C19D}.Debug|x64.ActiveCfg = Debug|Any CPU
		{AA5C29A9-6526-410F-AED3-09F4ACC1C19D}.Debug|x64.Build.0 = Debug|Any CPU
		{AA5C29A9-6526-410F-AED3-09F4ACC1C19D}.Release|x64.ActiveCfg = Release|Any CPU
		{AA5C29A9-6526-410F-AED3-09F4ACC1C19D}.Release|x64.Build.0 = Release|Any CPU
		{81F7B2F6-4E38-419C-A782-1124BF82FD7E}.Debug|x64.ActiveCfg = Debug|x64
		{81F7B2F6-4E38-419C-A782-1124BF82FD7E}.Debug|x64.Build.0 = Debug|x64
		{81F7B2F6-4E38-419C-A782-1124BF82FD7E}.Debug|x64.Deploy.0 = Debug|x64
		{81F7B2F6-4E38-419C-A782-1124BF82FD7E}.Release|x64.ActiveCfg = Release|x64
		{81F7B2F6-4E38-419C-A782-1124BF82FD7E}.Release|x64.Build.0 = Release|x64
		{81F7B2F6-4E38-419C-A782-1124BF82FD7E}.Release|x64.Deploy.0 = Release|x64
		{12141BF3-AE05-475A-818C-28676F549841}.Debug|x64.ActiveCfg = Debug|x64
		{12141BF3-AE05-475A-818C-28676F549841}.Debug|x64.Build.0 = Debug|x64
		{12141BF3-AE05-475A-818C-28676F549841}.Debug|x64.Deploy.0 = Debug|x64
		{12141BF3-AE05-475A-818C-28676F549841}.Release|x64.ActiveCfg = Release|x64
		{12141BF3-AE05-475A-818C-28676F549841}.Release|x64.Build.0 = Release|x64
		{12141BF3-AE05-475A-818C-28676F549841}.Release|x64.Deploy.0 = Release|x64
		{D5A59263-E846-4041-BEC6-FD2C5297EDB5}.Debug|x64.ActiveCfg = Debug|Any CPU
		{D5A59263-E846-4041-BEC6-FD2C5297EDB5}.Debug|x64.Build.0 = Debug|Any CPU
		{D5A59263-E846-4041-BEC6-FD2C5297EDB5}.Release|x64.ActiveCfg = Release|Any CPU
		{D5A59263-E846-4041-BEC6-FD2C5297EDB5}.Release|x64.Build.0 = Release|Any CPU
		{A0D8493A-7B9D-465B-8355-20DC94EB82AC}.Debug|x64.ActiveCfg = Debug|Any CPU
		{A0D8493A-7B9D-465B-8355-20DC94EB82AC}.Debug|x64.Build.0 = Debug|Any CPU
		{A0D8493A-7B9D-465B-8355-20DC94EB82AC}.Release|x64.ActiveCfg = Release|Any CPU
		{A0D8493A-7B9D-465B-8355-20DC94EB82AC}.Release|x64.Build.0 = Release|Any CPU
	EndGlobalSection
	GlobalSection(SolutionProperties) = preSolution
		HideSolutionNode = FALSE
	EndGlobalSection
	GlobalSection(NestedProjects) = preSolution
		{A3D577CD-428D-4095-8B19-E28905E4714C} = {48B61AF9-DB4B-4BC0-9F39-6A50BF07CBB9}
		{DE9B1C75-E6A6-48B1-9A8E-92F50043C381} = {CFF4F059-61C9-4DB0-9BB7-44C7268F75D9}
		{FE79BF26-7D8C-41A9-9C40-C74E13678658} = {CFF4F059-61C9-4DB0-9BB7-44C7268F75D9}
		{9698EA6C-51A0-46AB-9682-ABC8313BEB66} = {48B61AF9-DB4B-4BC0-9F39-6A50BF07CBB9}
		{9139E8C0-D20F-4E1A-87AE-7D57C7134367} = {4551333E-50E9-419E-8037-3424D6D51CAA}
		{23F4B4BD-5695-45D6-B679-77EF1F94F3E1} = {4551333E-50E9-419E-8037-3424D6D51CAA}
		{BF6D93CC-8CE1-48E1-A6FB-B86228227978} = {48B61AF9-DB4B-4BC0-9F39-6A50BF07CBB9}
		{55F81ACA-9C7E-4D39-87A6-4E4298582D32} = {CFF4F059-61C9-4DB0-9BB7-44C7268F75D9}
		{4551333E-50E9-419E-8037-3424D6D51CAA} = {B1F7E77D-E909-49BB-AF72-83FF76307134}
		{CFF4F059-61C9-4DB0-9BB7-44C7268F75D9} = {B1F7E77D-E909-49BB-AF72-83FF76307134}
		{48B61AF9-DB4B-4BC0-9F39-6A50BF07CBB9} = {B1F7E77D-E909-49BB-AF72-83FF76307134}
		{00FE7644-9E2B-4882-A1D7-6B75DBD4C703} = {48B61AF9-DB4B-4BC0-9F39-6A50BF07CBB9}
		{057BE49D-19ED-4BBE-ABBC-85F25715B6AF} = {CFF4F059-61C9-4DB0-9BB7-44C7268F75D9}
		{AA5C29A9-6526-410F-AED3-09F4ACC1C19D} = {CFF4F059-61C9-4DB0-9BB7-44C7268F75D9}
		{81F7B2F6-4E38-419C-A782-1124BF82FD7E} = {3C20949A-8140-4A6F-87C4-0310A66C1F63}
		{12141BF3-AE05-475A-818C-28676F549841} = {0C2AD8DA-32AC-4C50-A660-3EC1B0F7635D}
		{EC45EDF5-A2EF-4A84-8AC0-532E63AB6B85} = {B1F7E77D-E909-49BB-AF72-83FF76307134}
		{D5A59263-E846-4041-BEC6-FD2C5297EDB5} = {EC45EDF5-A2EF-4A84-8AC0-532E63AB6B85}
		{A0D8493A-7B9D-465B-8355-20DC94EB82AC} = {EC45EDF5-A2EF-4A84-8AC0-532E63AB6B85}
		{0C2AD8DA-32AC-4C50-A660-3EC1B0F7635D} = {B1F7E77D-E909-49BB-AF72-83FF76307134}
		{3C20949A-8140-4A6F-87C4-0310A66C1F63} = {B1F7E77D-E909-49BB-AF72-83FF76307134}
		{0DE8D4F5-4869-4EF4-875F-B5F8E90AB37A} = {B1F7E77D-E909-49BB-AF72-83FF76307134}
	EndGlobalSection
	GlobalSection(ExtensibilityGlobals) = postSolution
		SolutionGuid = {16BF50BE-9357-4F03-B213-538475C21666}
	EndGlobalSection
EndGlobal
